
Microsoft Visual Studio Solution File, Format Version 12.00
# Visual Studio 2013
VisualStudioVersion = 12.0.31101.0
MinimumVisualStudioVersion = 10.0.40219.1
Project("{FAE04EC0-301F-11D3-BF4B-00C04F79EFBC}") = "HISWebClient", "HISWebClient\HISWebClient.csproj", "{6F894286-05A9-430E-A6C5-4EFD97162E98}"
	ProjectSection(ProjectDependencies) = postProject
		{92675027-99E5-4F6D-938E-907F646DEB22} = {92675027-99E5-4F6D-938E-907F646DEB22}
		{1F515A28-DDDA-48BA-9E51-5839BB0DE3C0} = {1F515A28-DDDA-48BA-9E51-5839BB0DE3C0}
		{70974532-81A7-4224-9F15-DB8A9C63DDBC} = {70974532-81A7-4224-9F15-DB8A9C63DDBC}
		{E13F52A1-D1BF-47DC-A5B4-BC1D0B00ECA8} = {E13F52A1-D1BF-47DC-A5B4-BC1D0B00ECA8}
		{2534AAB3-0FEE-4AD6-BC68-985897415D12} = {2534AAB3-0FEE-4AD6-BC68-985897415D12}
		{305524F1-528A-4504-84C0-999445E5B148} = {305524F1-528A-4504-84C0-999445E5B148}
		{5DBA60F1-4292-4EA0-9A78-A03AC3511DC7} = {5DBA60F1-4292-4EA0-9A78-A03AC3511DC7}
	EndProjectSection
EndProject
Project("{FAE04EC0-301F-11D3-BF4B-00C04F79EFBC}") = "HISWebClient.Tests", "HISWebClient.Tests\HISWebClient.Tests.csproj", "{C7CDB7C9-FA3C-42D8-8C87-4F9BE05A87CB}"
EndProject
Project("{FAE04EC0-301F-11D3-BF4B-00C04F79EFBC}") = "BusinessObjects", "BusinessObjects\BusinessObjects.csproj", "{70974532-81A7-4224-9F15-DB8A9C63DDBC}"
EndProject
Project("{FAE04EC0-301F-11D3-BF4B-00C04F79EFBC}") = "DataLayer", "DataLayer\DataLayer.csproj", "{92675027-99E5-4F6D-938E-907F646DEB22}"
	ProjectSection(ProjectDependencies) = postProject
		{70974532-81A7-4224-9F15-DB8A9C63DDBC} = {70974532-81A7-4224-9F15-DB8A9C63DDBC}
	EndProjectSection
EndProject
Project("{FAE04EC0-301F-11D3-BF4B-00C04F79EFBC}") = "MarkerClusterer", "MarkerClusterer\MarkerClusterer.csproj", "{2534AAB3-0FEE-4AD6-BC68-985897415D12}"
	ProjectSection(ProjectDependencies) = postProject
		{70974532-81A7-4224-9F15-DB8A9C63DDBC} = {70974532-81A7-4224-9F15-DB8A9C63DDBC}
	EndProjectSection
EndProject
Project("{FAE04EC0-301F-11D3-BF4B-00C04F79EFBC}") = "CUAHSI.ServerSideHydroDesktop", "ServerSideHydroDesktop\CUAHSI.ServerSideHydroDesktop.csproj", "{5DBA60F1-4292-4EA0-9A78-A03AC3511DC7}"
EndProject
Project("{FAE04EC0-301F-11D3-BF4B-00C04F79EFBC}") = "CUAHSI.DataExport", "CUAHSI.DataExport\CUAHSI.DataExport.csproj", "{1F515A28-DDDA-48BA-9E51-5839BB0DE3C0}"
EndProject
Project("{2150E333-8FDC-42A3-9474-1A3956D46DE8}") = ".nuget", ".nuget", "{4E852C81-4FAD-42BC-B752-DE0566DCA952}"
	ProjectSection(SolutionItems) = preProject
		.nuget\NuGet.Config = .nuget\NuGet.Config
		.nuget\NuGet.exe = .nuget\NuGet.exe
		.nuget\NuGet.targets = .nuget\NuGet.targets
	EndProjectSection
EndProject
Project("{FAE04EC0-301F-11D3-BF4B-00C04F79EFBC}") = "CUAHSIDataStorage", "CUAHSIDataStorage\CUAHSIDataStorage.csproj", "{E13F52A1-D1BF-47DC-A5B4-BC1D0B00ECA8}"
EndProject
Project("{FAE04EC0-301F-11D3-BF4B-00C04F79EFBC}") = "CUAHSI.Common", "CUAHSI.Common\CUAHSI.Common.csproj", "{11554F4F-1819-48C6-ABEE-CD30CBFA4A5D}"
EndProject
Project("{FAE04EC0-301F-11D3-BF4B-00C04F79EFBC}") = "CUAHSI.Models", "CUAHSI.Models\CUAHSI.Models.csproj", "{305524F1-528A-4504-84C0-999445E5B148}"
EndProject
Project("{2150E333-8FDC-42A3-9474-1A3956D46DE8}") = "Solution Items", "Solution Items", "{4B83DD94-42EB-4829-8C4A-F0FB901F5757}"
	ProjectSection(SolutionItems) = preProject
		WebEssentials-Settings.json = WebEssentials-Settings.json
	EndProjectSection
EndProject
Global
	GlobalSection(SolutionConfigurationPlatforms) = preSolution
		Debug|Any CPU = Debug|Any CPU
		Release|Any CPU = Release|Any CPU
	EndGlobalSection
	GlobalSection(ProjectConfigurationPlatforms) = postSolution
		{6F894286-05A9-430E-A6C5-4EFD97162E98}.Debug|Any CPU.ActiveCfg = Debug|Any CPU
		{6F894286-05A9-430E-A6C5-4EFD97162E98}.Debug|Any CPU.Build.0 = Debug|Any CPU
		{6F894286-05A9-430E-A6C5-4EFD97162E98}.Release|Any CPU.ActiveCfg = Release|Any CPU
		{6F894286-05A9-430E-A6C5-4EFD97162E98}.Release|Any CPU.Build.0 = Release|Any CPU
		{C7CDB7C9-FA3C-42D8-8C87-4F9BE05A87CB}.Debug|Any CPU.ActiveCfg = Debug|Any CPU
		{C7CDB7C9-FA3C-42D8-8C87-4F9BE05A87CB}.Debug|Any CPU.Build.0 = Debug|Any CPU
		{C7CDB7C9-FA3C-42D8-8C87-4F9BE05A87CB}.Release|Any CPU.ActiveCfg = Release|Any CPU
		{C7CDB7C9-FA3C-42D8-8C87-4F9BE05A87CB}.Release|Any CPU.Build.0 = Release|Any CPU
		{70974532-81A7-4224-9F15-DB8A9C63DDBC}.Debug|Any CPU.ActiveCfg = Debug|Any CPU
		{70974532-81A7-4224-9F15-DB8A9C63DDBC}.Debug|Any CPU.Build.0 = Debug|Any CPU
		{70974532-81A7-4224-9F15-DB8A9C63DDBC}.Release|Any CPU.ActiveCfg = Release|Any CPU
		{70974532-81A7-4224-9F15-DB8A9C63DDBC}.Release|Any CPU.Build.0 = Release|Any CPU
		{92675027-99E5-4F6D-938E-907F646DEB22}.Debug|Any CPU.ActiveCfg = Debug|Any CPU
		{92675027-99E5-4F6D-938E-907F646DEB22}.Debug|Any CPU.Build.0 = Debug|Any CPU
		{92675027-99E5-4F6D-938E-907F646DEB22}.Release|Any CPU.ActiveCfg = Release|Any CPU
		{92675027-99E5-4F6D-938E-907F646DEB22}.Release|Any CPU.Build.0 = Release|Any CPU
		{2534AAB3-0FEE-4AD6-BC68-985897415D12}.Debug|Any CPU.ActiveCfg = Debug|Any CPU
		{2534AAB3-0FEE-4AD6-BC68-985897415D12}.Debug|Any CPU.Build.0 = Debug|Any CPU
		{2534AAB3-0FEE-4AD6-BC68-985897415D12}.Release|Any CPU.ActiveCfg = Release|Any CPU
		{2534AAB3-0FEE-4AD6-BC68-985897415D12}.Release|Any CPU.Build.0 = Release|Any CPU
		{5DBA60F1-4292-4EA0-9A78-A03AC3511DC7}.Debug|Any CPU.ActiveCfg = Debug|Any CPU
		{5DBA60F1-4292-4EA0-9A78-A03AC3511DC7}.Debug|Any CPU.Build.0 = Debug|Any CPU
		{5DBA60F1-4292-4EA0-9A78-A03AC3511DC7}.Release|Any CPU.ActiveCfg = Release|Any CPU
		{5DBA60F1-4292-4EA0-9A78-A03AC3511DC7}.Release|Any CPU.Build.0 = Release|Any CPU
		{1F515A28-DDDA-48BA-9E51-5839BB0DE3C0}.Debug|Any CPU.ActiveCfg = Debug|Any CPU
		{1F515A28-DDDA-48BA-9E51-5839BB0DE3C0}.Debug|Any CPU.Build.0 = Debug|Any CPU
		{1F515A28-DDDA-48BA-9E51-5839BB0DE3C0}.Release|Any CPU.ActiveCfg = Release|Any CPU
		{1F515A28-DDDA-48BA-9E51-5839BB0DE3C0}.Release|Any CPU.Build.0 = Release|Any CPU
		{E13F52A1-D1BF-47DC-A5B4-BC1D0B00ECA8}.Debug|Any CPU.ActiveCfg = Debug|Any CPU
		{E13F52A1-D1BF-47DC-A5B4-BC1D0B00ECA8}.Debug|Any CPU.Build.0 = Debug|Any CPU
		{E13F52A1-D1BF-47DC-A5B4-BC1D0B00ECA8}.Release|Any CPU.ActiveCfg = Release|Any CPU
		{E13F52A1-D1BF-47DC-A5B4-BC1D0B00ECA8}.Release|Any CPU.Build.0 = Release|Any CPU
		{11554F4F-1819-48C6-ABEE-CD30CBFA4A5D}.Debug|Any CPU.ActiveCfg = Debug|Any CPU
		{11554F4F-1819-48C6-ABEE-CD30CBFA4A5D}.Debug|Any CPU.Build.0 = Debug|Any CPU
		{11554F4F-1819-48C6-ABEE-CD30CBFA4A5D}.Release|Any CPU.ActiveCfg = Release|Any CPU
		{11554F4F-1819-48C6-ABEE-CD30CBFA4A5D}.Release|Any CPU.Build.0 = Release|Any CPU
		{305524F1-528A-4504-84C0-999445E5B148}.Debug|Any CPU.ActiveCfg = Debug|Any CPU
		{305524F1-528A-4504-84C0-999445E5B148}.Debug|Any CPU.Build.0 = Debug|Any CPU
		{305524F1-528A-4504-84C0-999445E5B148}.Release|Any CPU.ActiveCfg = Release|Any CPU
		{305524F1-528A-4504-84C0-999445E5B148}.Release|Any CPU.Build.0 = Release|Any CPU
	EndGlobalSection
	GlobalSection(SolutionProperties) = preSolution
		HideSolutionNode = FALSE
	EndGlobalSection
EndGlobal
